github.com/meinside/telegram-bot-go v0.10.0 h1:zFZePLibj9VUGMOuvy/GIjmWgVINXfty0HJvQdR1A2A=
github.com/meinside/telegram-bot-go v0.10.0/go.mod h1:i9gGJrrfhdAIElC/HCUprMmccGjMKPVq52av4n54Y2s=
github.com/meinside/wasm-helper-go v0.3.2 h1:TN7yws7Cr/cfvuEf5XnRZNr9dYmTj1NsHa++Z2NyAk4=
github.com/meinside/wasm-helper-go v0.3.2/go.mod h1:+thzjZBs0c6fmJcvB8seB6ppD0Rr9Z9b05H2hHxPzkA=
