github.com/meinside/telegram-bot-go v0.9.11 h1:mept3d60gBpALtFDGDMkS9gfQJsmnM+HjJZnWyYUW0E=
github.com/meinside/telegram-bot-go v0.9.11/go.mod h1:i9gGJrrfhdAIElC/HCUprMmccGjMKPVq52av4n54Y2s=
github.com/meinside/wasm-helper-go v0.3.1 h1:qWeGTFCKFgAvTcJCZE1XT3Grfhkt0slvFTRhV3m/62Q=
github.com/meinside/wasm-helper-go v0.3.1/go.mod h1:+thzjZBs0c6fmJcvB8seB6ppD0Rr9Z9b05H2hHxPzkA=
