github.com/meinside/telegram-bot-go v0.6.7 h1:9QsX3ttV//tmdNe/rh2YzXycagwn1k2cubVlsehGSXQ=
github.com/meinside/telegram-bot-go v0.6.7/go.mod h1:s4CwhE3dXGXG3OWu4G0kq16cELeEwhPqgK5V176HaqU=
github.com/meinside/wasm-helper-go v0.2.0 h1:U9Oxm7agJ53Vm2PbhWqUFUMrzsGckgqEy8xlW1RU0GA=
github.com/meinside/wasm-helper-go v0.2.0/go.mod h1:R7HWwqw/j/ybMTaQ/WF/wiN6YbYY8LLINQp28lcWork=
